
Microsoft Visual Studio Solution File, Format Version 12.00
# Visual Studio 15
Project("{FAE04EC0-301F-11D3-BF4B-00C04F79EFBC}") = "UnityEngine.UI", "UnityEngine.UI.csproj", "{5228A0ED-C6CF-E6CE-790C-12B3A2EA86AD}"
EndProject
Project("{FAE04EC0-301F-11D3-BF4B-00C04F79EFBC}") = "Assembly-CSharp", "Assembly-CSharp.csproj", "{56873B5F-AD17-CF1B-38D2-0FE0CE487BD6}"
EndProject
Project("{FAE04EC0-301F-11D3-BF4B-00C04F79EFBC}") = "UnityEditor.UI", "UnityEditor.UI.csproj", "{FADF7AEE-0394-8DAC-C0F2-6C1A8FC9C0E6}"
EndProject
Global
	GlobalSection(SolutionConfigurationPlatforms) = preSolution
		Debug|Any CPU = Debug|Any CPU
		Release|Any CPU = Release|Any CPU
	EndGlobalSection
	GlobalSection(ProjectConfigurationPlatforms) = postSolution
		{5228A0ED-C6CF-E6CE-790C-12B3A2EA86AD}.Debug|Any CPU.ActiveCfg = Debug|Any CPU
		{5228A0ED-C6CF-E6CE-790C-12B3A2EA86AD}.Debug|Any CPU.Build.0 = Debug|Any CPU
		{5228A0ED-C6CF-E6CE-790C-12B3A2EA86AD}.Release|Any CPU.ActiveCfg = Release|Any CPU
		{5228A0ED-C6CF-E6CE-790C-12B3A2EA86AD}.Release|Any CPU.Build.0 = Release|Any CPU
		{56873B5F-AD17-CF1B-38D2-0FE0CE487BD6}.Debug|Any CPU.ActiveCfg = Debug|Any CPU
		{56873B5F-AD17-CF1B-38D2-0FE0CE487BD6}.Debug|Any CPU.Build.0 = Debug|Any CPU
		{56873B5F-AD17-CF1B-38D2-0FE0CE487BD6}.Release|Any CPU.ActiveCfg = Release|Any CPU
		{56873B5F-AD17-CF1B-38D2-0FE0CE487BD6}.Release|Any CPU.Build.0 = Release|Any CPU
		{FADF7AEE-0394-8DAC-C0F2-6C1A8FC9C0E6}.Debug|Any CPU.ActiveCfg = Debug|Any CPU
		{FADF7AEE-0394-8DAC-C0F2-6C1A8FC9C0E6}.Debug|Any CPU.Build.0 = Debug|Any CPU
		{FADF7AEE-0394-8DAC-C0F2-6C1A8FC9C0E6}.Release|Any CPU.ActiveCfg = Release|Any CPU
		{FADF7AEE-0394-8DAC-C0F2-6C1A8FC9C0E6}.Release|Any CPU.Build.0 = Release|Any CPU
	EndGlobalSection
	GlobalSection(SolutionProperties) = preSolution
		HideSolutionNode = FALSE
	EndGlobalSection
EndGlobal
